// !$*UTF8*$!
{
	archiveVersion = 1;
	classes = {
	};
	objectVersion = 77;
	objects = {

/* Begin PBXBuildFile section */
		3D4C2FA5A56F2167145FB828 /* RouteyImport in Frameworks */ = {isa = PBXBuildFile; productRef = CC0ED0082FEC9A010021BE3D /* RouteyImport */; };
		4F0B3AFBD35476D7CC2AC1CE /* RouteyModel in Frameworks */ = {isa = PBXBuildFile; productRef = CC0ED0042FEC8F8F0021BE3D /* RouteyModel */; };
		7DC58E572D30F358564B1762 /* RouteyPersistence in Frameworks */ = {isa = PBXBuildFile; productRef = CC0ED0062FEC8F8F0021BE3D /* RouteyPersistence */; };
		8FF63C143CCE99FE54C04BF7 /* RouteySearch in Frameworks */ = {isa = PBXBuildFile; productRef = CC0ED00C2FEC9A010021BE3D /* RouteySearch */; };
		CC0ED0052FEC8F8F0021BE3D /* RouteyModel in Frameworks */ = {isa = PBXBuildFile; productRef = CC0ED0042FEC8F8F0021BE3D /* RouteyModel */; };
		CC0ED0072FEC8F8F0021BE3D /* RouteyPersistence in Frameworks */ = {isa = PBXBuildFile; productRef = CC0ED0062FEC8F8F0021BE3D /* RouteyPersistence */; };
		CC0ED0092FEC9A010021BE3D /* RouteyImport in Frameworks */ = {isa = PBXBuildFile; productRef = CC0ED0082FEC9A010021BE3D /* RouteyImport */; };
		CC0ED00B2FEC9A010021BE3D /* RouteyDomain in Frameworks */ = {isa = PBXBuildFile; productRef = CC0ED00A2FEC9A010021BE3D /* RouteyDomain */; };
		CC0ED00D2FEC9A010021BE3D /* RouteySearch in Frameworks */ = {isa = PBXBuildFile; productRef = CC0ED00C2FEC9A010021BE3D /* RouteySearch */; };
		B2C3D4E5F6A7B8C9D0E1F2A3 /* RouteyOCR in Frameworks */ = {isa = PBXBuildFile; productRef = A1B2C3D4E5F6A7B8C9D0E1F2 /* RouteyOCR */; };
		D7ED4FD3BB2A39153A913ACE /* RouteyDomain in Frameworks */ = {isa = PBXBuildFile; productRef = CC0ED00A2FEC9A010021BE3D /* RouteyDomain */; };
/* End PBXBuildFile section */

/* Begin PBXContainerItemProxy section */
		CC0ECFE72FEC8ED60021BE3D /* PBXContainerItemProxy */ = {
			isa = PBXContainerItemProxy;
			containerPortal = CC0ECFD12FEC8ED30021BE3D /* Project object */;
			proxyType = 1;
			remoteGlobalIDString = CC0ECFD82FEC8ED30021BE3D;
			remoteInfo = Routey;
		};
/* End PBXContainerItemProxy section */

/* Begin PBXFileReference section */
		D58CAB8E74FA006A0BFB33C4 /* RouteyMacProof.app */ = {isa = PBXFileReference; explicitFileType = wrapper.application; includeInIndex = 0; path = RouteyMacProof.app; sourceTree = BUILT_PRODUCTS_DIR; };
		CC0ECFD92FEC8ED30021BE3D /* Routey.app */ = {isa = PBXFileReference; explicitFileType = wrapper.application; includeInIndex = 0; path = Routey.app; sourceTree = BUILT_PRODUCTS_DIR; };
		CC0ECFE62FEC8ED60021BE3D /* RouteyTests.xctest */ = {isa = PBXFileReference; explicitFileType = wrapper.cfbundle; includeInIndex = 0; path = RouteyTests.xctest; sourceTree = BUILT_PRODUCTS_DIR; };
/* End PBXFileReference section */

/* Begin PBXFileSystemSynchronizedBuildFileExceptionSet section */
		344CCA591C180FAA2F19E089 /* Exceptions for "RouteyMacProof" folder in "RouteyMacProof" target */ = {
			isa = PBXFileSystemSynchronizedBuildFileExceptionSet;
			membershipExceptions = (
				Info.plist,
				RouteyMacProof.entitlements,
			);
			target = 1D46C39CBE4EA5F2D4504C7B /* RouteyMacProof */;
		};
		CC0ED00F2FEDA000021BE3D /* Exceptions for "Routey" folder in "Routey" target */ = {
			isa = PBXFileSystemSynchronizedBuildFileExceptionSet;
			membershipExceptions = (
				Info.plist,
				Routey.entitlements,
			);
			target = CC0ECFD82FEC8ED30021BE3D /* Routey */;
		};
/* End PBXFileSystemSynchronizedBuildFileExceptionSet section */

/* Begin PBXFileSystemSynchronizedRootGroup section */
		DA2BEF681679DD3E3935D280 /* RouteyMacProof */ = {
			isa = PBXFileSystemSynchronizedRootGroup;
			exceptions = (
				344CCA591C180FAA2F19E089 /* Exceptions for "RouteyMacProof" folder in "RouteyMacProof" target */,
			);
			path = RouteyMacProof;
			sourceTree = "<group>";
		};
		CC0ECFDB2FEC8ED30021BE3D /* Routey */ = {
			isa = PBXFileSystemSynchronizedRootGroup;
			exceptions = (
				CC0ED00F2FEDA000021BE3D /* Exceptions for "Routey" folder in "Routey" target */,
			);
			path = Routey;
			sourceTree = "<group>";
		};
		CC0ECFE92FEC8ED60021BE3D /* RouteyTests */ = {
			isa = PBXFileSystemSynchronizedRootGroup;
			path = RouteyTests;
			sourceTree = "<group>";
		};
/* End PBXFileSystemSynchronizedRootGroup section */

/* Begin PBXFrameworksBuildPhase section */
		AA65E056579D80903815940F /* Frameworks */ = {
			isa = PBXFrameworksBuildPhase;
			buildActionMask = 2147483647;
			files = (
				D7ED4FD3BB2A39153A913ACE /* RouteyDomain in Frameworks */,
				8FF63C143CCE99FE54C04BF7 /* RouteySearch in Frameworks */,
				3D4C2FA5A56F2167145FB828 /* RouteyImport in Frameworks */,
				7DC58E572D30F358564B1762 /* RouteyPersistence in Frameworks */,
				4F0B3AFBD35476D7CC2AC1CE /* RouteyModel in Frameworks */,
			);
			runOnlyForDeploymentPostprocessing = 0;
		};
		CC0ECFD62FEC8ED30021BE3D /* Frameworks */ = {
			isa = PBXFrameworksBuildPhase;
			buildActionMask = 2147483647;
			files = (
				CC0ED00B2FEC9A010021BE3D /* RouteyDomain in Frameworks */,
				CC0ED00D2FEC9A010021BE3D /* RouteySearch in Frameworks */,
				B2C3D4E5F6A7B8C9D0E1F2A3 /* RouteyOCR in Frameworks */,
				CC0ED0092FEC9A010021BE3D /* RouteyImport in Frameworks */,
				CC0ED0072FEC8F8F0021BE3D /* RouteyPersistence in Frameworks */,
				CC0ED0052FEC8F8F0021BE3D /* RouteyModel in Frameworks */,
			);
			runOnlyForDeploymentPostprocessing = 0;
		};
		CC0ECFE32FEC8ED60021BE3D /* Frameworks */ = {
			isa = PBXFrameworksBuildPhase;
			buildActionMask = 2147483647;
			files = (
			);
			runOnlyForDeploymentPostprocessing = 0;
		};
/* End PBXFrameworksBuildPhase section */

/* Begin PBXGroup section */
		CC0ECFD02FEC8ED30021BE3D = {
			isa = PBXGroup;
			children = (
				CC0ECFDB2FEC8ED30021BE3D /* Routey */,
				DA2BEF681679DD3E3935D280 /* RouteyMacProof */,
				CC0ECFE92FEC8ED60021BE3D /* RouteyTests */,
				CC0ECFDA2FEC8ED30021BE3D /* Products */,
			);
			sourceTree = "<group>";
		};
		CC0ECFDA2FEC8ED30021BE3D /* Products */ = {
			isa = PBXGroup;
			children = (
				CC0ECFD92FEC8ED30021BE3D /* Routey.app */,
				D58CAB8E74FA006A0BFB33C4 /* RouteyMacProof.app */,
				CC0ECFE62FEC8ED60021BE3D /* RouteyTests.xctest */,
			);
			name = Products;
			sourceTree = "<group>";
		};
/* End PBXGroup section */

/* Begin PBXNativeTarget section */
		1D46C39CBE4EA5F2D4504C7B /* RouteyMacProof */ = {
			isa = PBXNativeTarget;
			buildConfigurationList = 11FCBCA10835AF7C3FDA6741 /* Build configuration list for PBXNativeTarget "RouteyMacProof" */;
			buildPhases = (
				2148F3F006519A2B38509F42 /* Sources */,
				AA65E056579D80903815940F /* Frameworks */,
				70A2726C271FE92A3E9846C4 /* Resources */,
			);
			buildRules = (
			);
			dependencies = (
			);
			fileSystemSynchronizedGroups = (
				DA2BEF681679DD3E3935D280 /* RouteyMacProof */,
			);
			name = RouteyMacProof;
			packageProductDependencies = (
				CC0ED0042FEC8F8F0021BE3D /* RouteyModel */,
				CC0ED0062FEC8F8F0021BE3D /* RouteyPersistence */,
				CC0ED0082FEC9A010021BE3D /* RouteyImport */,
				CC0ED00A2FEC9A010021BE3D /* RouteyDomain */,
				CC0ED00C2FEC9A010021BE3D /* RouteySearch */,
			);
			productName = RouteyMacProof;
			productReference = D58CAB8E74FA006A0BFB33C4 /* RouteyMacProof.app */;
			productType = "com.apple.product-type.application";
		};
		CC0ECFD82FEC8ED30021BE3D /* Routey */ = {
			isa = PBXNativeTarget;
			buildConfigurationList = CC0ECFFA2FEC8ED60021BE3D /* Build configuration list for PBXNativeTarget "Routey" */;
			buildPhases = (
				CC0ECFD52FEC8ED30021BE3D /* Sources */,
				CC0ECFD62FEC8ED30021BE3D /* Frameworks */,
				CC0ECFD72FEC8ED30021BE3D /* Resources */,
			);
			buildRules = (
			);
			dependencies = (
			);
			fileSystemSynchronizedGroups = (
				CC0ECFDB2FEC8ED30021BE3D /* Routey */,
			);
			name = Routey;
			packageProductDependencies = (
				CC0ED0042FEC8F8F0021BE3D /* RouteyModel */,
				CC0ED0062FEC8F8F0021BE3D /* RouteyPersistence */,
				CC0ED0082FEC9A010021BE3D /* RouteyImport */,
				CC0ED00A2FEC9A010021BE3D /* RouteyDomain */,
				CC0ED00C2FEC9A010021BE3D /* RouteySearch */,
				A1B2C3D4E5F6A7B8C9D0E1F2 /* RouteyOCR */,
			);
			productName = Routey;
			productReference = CC0ECFD92FEC8ED30021BE3D /* Routey.app */;
			productType = "com.apple.product-type.application";
		};
		CC0ECFE52FEC8ED60021BE3D /* RouteyTests */ = {
			isa = PBXNativeTarget;
			buildConfigurationList = CC0ECFFD2FEC8ED60021BE3D /* Build configuration list for PBXNativeTarget "RouteyTests" */;
			buildPhases = (
				CC0ECFE22FEC8ED60021BE3D /* Sources */,
				CC0ECFE32FEC8ED60021BE3D /* Frameworks */,
				CC0ECFE42FEC8ED60021BE3D /* Resources */,
			);
			buildRules = (
			);
			dependencies = (
				CC0ECFE82FEC8ED60021BE3D /* PBXTargetDependency */,
			);
			fileSystemSynchronizedGroups = (
				CC0ECFE92FEC8ED60021BE3D /* RouteyTests */,
			);
			name = RouteyTests;
			packageProductDependencies = (
			);
			productName = RouteyTests;
			productReference = CC0ECFE62FEC8ED60021BE3D /* RouteyTests.xctest */;
			productType = "com.apple.product-type.bundle.unit-test";
		};
/* End PBXNativeTarget section */

/* Begin PBXProject section */
		CC0ECFD12FEC8ED30021BE3D /* Project object */ = {
			isa = PBXProject;
			attributes = {
				BuildIndependentTargetsInParallel = 1;
				LastSwiftUpdateCheck = 2650;
				LastUpgradeCheck = 2650;
				TargetAttributes = {
					1D46C39CBE4EA5F2D4504C7B = {
						CreatedOnToolsVersion = 26.5;
						SystemCapabilities = {
							com.apple.Sandbox = {
								enabled = 1;
							};
							com.apple.iCloud = {
								enabled = 1;
							};
						};
					};
					CC0ECFD82FEC8ED30021BE3D = {
						CreatedOnToolsVersion = 26.5;
						SystemCapabilities = {
							com.apple.BackgroundModes = {
								enabled = 1;
							};
							com.apple.iCloud = {
								enabled = 1;
							};
						};
					};
					CC0ECFE52FEC8ED60021BE3D = {
						CreatedOnToolsVersion = 26.5;
						TestTargetID = CC0ECFD82FEC8ED30021BE3D;
					};
				};
			};
			buildConfigurationList = CC0ECFD42FEC8ED30021BE3D /* Build configuration list for PBXProject "Routey" */;
			developmentRegion = en;
			hasScannedForEncodings = 0;
			knownRegions = (
				en,
				Base,
			);
			mainGroup = CC0ECFD02FEC8ED30021BE3D;
			minimizedProjectReferenceProxies = 1;
			packageReferences = (
				CC0ED0032FEC8F8F0021BE3D /* XCLocalSwiftPackageReference "../../RouteyKit" */,
			);
			preferredProjectObjectVersion = 77;
			productRefGroup = CC0ECFDA2FEC8ED30021BE3D /* Products */;
			projectDirPath = "";
			projectRoot = "";
			targets = (
				CC0ECFD82FEC8ED30021BE3D /* Routey */,
				1D46C39CBE4EA5F2D4504C7B /* RouteyMacProof */,
				CC0ECFE52FEC8ED60021BE3D /* RouteyTests */,
			);
		};
/* End PBXProject section */

/* Begin PBXResourcesBuildPhase section */
		70A2726C271FE92A3E9846C4 /* Resources */ = {
			isa = PBXResourcesBuildPhase;
			buildActionMask = 2147483647;
			files = (
			);
			runOnlyForDeploymentPostprocessing = 0;
		};
		CC0ECFD72FEC8ED30021BE3D /* Resources */ = {
			isa = PBXResourcesBuildPhase;
			buildActionMask = 2147483647;
			files = (
			);
			runOnlyForDeploymentPostprocessing = 0;
		};
		CC0ECFE42FEC8ED60021BE3D /* Resources */ = {
			isa = PBXResourcesBuildPhase;
			buildActionMask = 2147483647;
			files = (
			);
			runOnlyForDeploymentPostprocessing = 0;
		};
/* End PBXResourcesBuildPhase section */

/* Begin PBXSourcesBuildPhase section */
		2148F3F006519A2B38509F42 /* Sources */ = {
			isa = PBXSourcesBuildPhase;
			buildActionMask = 2147483647;
			files = (
			);
			runOnlyForDeploymentPostprocessing = 0;
		};
		CC0ECFD52FEC8ED30021BE3D /* Sources */ = {
			isa = PBXSourcesBuildPhase;
			buildActionMask = 2147483647;
			files = (
			);
			runOnlyForDeploymentPostprocessing = 0;
		};
		CC0ECFE22FEC8ED60021BE3D /* Sources */ = {
			isa = PBXSourcesBuildPhase;
			buildActionMask = 2147483647;
			files = (
			);
			runOnlyForDeploymentPostprocessing = 0;
		};
/* End PBXSourcesBuildPhase section */

/* Begin PBXTargetDependency section */
		CC0ECFE82FEC8ED60021BE3D /* PBXTargetDependency */ = {
			isa = PBXTargetDependency;
			target = CC0ECFD82FEC8ED30021BE3D /* Routey */;
			targetProxy = CC0ECFE72FEC8ED60021BE3D /* PBXContainerItemProxy */;
		};
/* End PBXTargetDependency section */

/* Begin XCBuildConfiguration section */
		481665DB4CD4E35B72DF7339 /* Release */ = {
			isa = XCBuildConfiguration;
			buildSettings = {
				CODE_SIGN_ENTITLEMENTS = RouteyMacProof/RouteyMacProof.entitlements;
				CODE_SIGN_STYLE = Automatic;
				CURRENT_PROJECT_VERSION = 1;
				DEVELOPMENT_TEAM = 8AXNA5B37R;
				ENABLE_APP_SANDBOX = YES;
				ENABLE_HARDENED_RUNTIME = YES;
				ENABLE_PREVIEWS = YES;
				GENERATE_INFOPLIST_FILE = NO;
				INFOPLIST_FILE = RouteyMacProof/Info.plist;
				LD_RUNPATH_SEARCH_PATHS = (
					"$(inherited)",
					"@executable_path/../Frameworks",
				);
				MACOSX_DEPLOYMENT_TARGET = 14.0;
				MARKETING_VERSION = 0.1;
				PRODUCT_BUNDLE_IDENTIFIER = com.routey.RouteyMacProof;
				PRODUCT_NAME = "$(TARGET_NAME)";
				SDKROOT = macosx;
				STRING_CATALOG_GENERATE_SYMBOLS = YES;
				SUPPORTED_PLATFORMS = macosx;
				SWIFT_APPROACHABLE_CONCURRENCY = YES;
				SWIFT_DEFAULT_ACTOR_ISOLATION = MainActor;
				SWIFT_EMIT_LOC_STRINGS = YES;
				SWIFT_UPCOMING_FEATURE_MEMBER_IMPORT_VISIBILITY = YES;
				SWIFT_VERSION = 6.0;
			};
			name = Release;
		};
		88FF32FCDE56EE6AF921767F /* Debug */ = {
			isa = XCBuildConfiguration;
			buildSettings = {
				CODE_SIGN_ENTITLEMENTS = RouteyMacProof/RouteyMacProof.entitlements;
				CODE_SIGN_STYLE = Automatic;
				CURRENT_PROJECT_VERSION = 1;
				DEVELOPMENT_TEAM = 8AXNA5B37R;
				ENABLE_APP_SANDBOX = YES;
				ENABLE_HARDENED_RUNTIME = YES;
				ENABLE_PREVIEWS = YES;
				GENERATE_INFOPLIST_FILE = NO;
				INFOPLIST_FILE = RouteyMacProof/Info.plist;
				LD_RUNPATH_SEARCH_PATHS = (
					"$(inherited)",
					"@executable_path/../Frameworks",
				);
				MACOSX_DEPLOYMENT_TARGET = 14.0;
				MARKETING_VERSION = 0.1;
				PRODUCT_BUNDLE_IDENTIFIER = com.routey.RouteyMacProof;
				PRODUCT_NAME = "$(TARGET_NAME)";
				SDKROOT = macosx;
				STRING_CATALOG_GENERATE_SYMBOLS = YES;
				SUPPORTED_PLATFORMS = macosx;
				SWIFT_APPROACHABLE_CONCURRENCY = YES;
				SWIFT_DEFAULT_ACTOR_ISOLATION = MainActor;
				SWIFT_EMIT_LOC_STRINGS = YES;
				SWIFT_UPCOMING_FEATURE_MEMBER_IMPORT_VISIBILITY = YES;
				SWIFT_VERSION = 6.0;
			};
			name = Debug;
		};
		CC0ECFF82FEC8ED60021BE3D /* Debug */ = {
			isa = XCBuildConfiguration;
			buildSettings = {
				ALWAYS_SEARCH_USER_PATHS = NO;
				ASSETCATALOG_COMPILER_GENERATE_SWIFT_ASSET_SYMBOL_EXTENSIONS = YES;
				CLANG_ANALYZER_NONNULL = YES;
				CLANG_ANALYZER_NUMBER_OBJECT_CONVERSION = YES_AGGRESSIVE;
				CLANG_CXX_LANGUAGE_STANDARD = "gnu++20";
				CLANG_ENABLE_MODULES = YES;
				CLANG_ENABLE_OBJC_ARC = YES;
				CLANG_ENABLE_OBJC_WEAK = YES;
				CLANG_WARN_BLOCK_CAPTURE_AUTORELEASING = YES;
				CLANG_WARN_BOOL_CONVERSION = YES;
				CLANG_WARN_COMMA = YES;
				CLANG_WARN_CONSTANT_CONVERSION = YES;
				CLANG_WARN_DEPRECATED_OBJC_IMPLEMENTATIONS = YES;
				CLANG_WARN_DIRECT_OBJC_ISA_USAGE = YES_ERROR;
				CLANG_WARN_DOCUMENTATION_COMMENTS = YES;
				CLANG_WARN_EMPTY_BODY = YES;
				CLANG_WARN_ENUM_CONVERSION = YES;
				CLANG_WARN_INFINITE_RECURSION = YES;
				CLANG_WARN_INT_CONVERSION = YES;
				CLANG_WARN_NON_LITERAL_NULL_CONVERSION = YES;
				CLANG_WARN_OBJC_IMPLICIT_RETAIN_SELF = YES;
				CLANG_WARN_OBJC_LITERAL_CONVERSION = YES;
				CLANG_WARN_OBJC_ROOT_CLASS = YES_ERROR;
				CLANG_WARN_QUOTED_INCLUDE_IN_FRAMEWORK_HEADER = YES;
				CLANG_WARN_RANGE_LOOP_ANALYSIS = YES;
				CLANG_WARN_STRICT_PROTOTYPES = YES;
				CLANG_WARN_SUSPICIOUS_MOVE = YES;
				CLANG_WARN_UNGUARDED_AVAILABILITY = YES_AGGRESSIVE;
				CLANG_WARN_UNREACHABLE_CODE = YES;
				CLANG_WARN__DUPLICATE_METHOD_MATCH = YES;
				COPY_PHASE_STRIP = NO;
				DEBUG_INFORMATION_FORMAT = dwarf;
				DEVELOPMENT_TEAM = 8AXNA5B37R;
				ENABLE_STRICT_OBJC_MSGSEND = YES;
				ENABLE_TESTABILITY = YES;
				ENABLE_USER_SCRIPT_SANDBOXING = YES;
				GCC_C_LANGUAGE_STANDARD = gnu17;
				GCC_DYNAMIC_NO_PIC = NO;
				GCC_NO_COMMON_BLOCKS = YES;
				GCC_OPTIMIZATION_LEVEL = 0;
				GCC_PREPROCESSOR_DEFINITIONS = (
					"DEBUG=1",
					"$(inherited)",
				);
				GCC_WARN_64_TO_32_BIT_CONVERSION = YES;
				GCC_WARN_ABOUT_RETURN_TYPE = YES_ERROR;
				GCC_WARN_UNDECLARED_SELECTOR = YES;
				GCC_WARN_UNINITIALIZED_AUTOS = YES_AGGRESSIVE;
				GCC_WARN_UNUSED_FUNCTION = YES;
				GCC_WARN_UNUSED_VARIABLE = YES;
				IPHONEOS_DEPLOYMENT_TARGET = 18.0;
				LOCALIZATION_PREFERS_STRING_CATALOGS = YES;
				MTL_ENABLE_DEBUG_INFO = INCLUDE_SOURCE;
				MTL_FAST_MATH = YES;
				ONLY_ACTIVE_ARCH = YES;
				SDKROOT = iphoneos;
				SWIFT_ACTIVE_COMPILATION_CONDITIONS = "DEBUG $(inherited)";
				SWIFT_OPTIMIZATION_LEVEL = "-Onone";
			};
			name = Debug;
		};
		CC0ECFF92FEC8ED60021BE3D /* Release */ = {
			isa = XCBuildConfiguration;
			buildSettings = {
				ALWAYS_SEARCH_USER_PATHS = NO;
				ASSETCATALOG_COMPILER_GENERATE_SWIFT_ASSET_SYMBOL_EXTENSIONS = YES;
				CLANG_ANALYZER_NONNULL = YES;
				CLANG_ANALYZER_NUMBER_OBJECT_CONVERSION = YES_AGGRESSIVE;
				CLANG_CXX_LANGUAGE_STANDARD = "gnu++20";
				CLANG_ENABLE_MODULES = YES;
				CLANG_ENABLE_OBJC_ARC = YES;
				CLANG_ENABLE_OBJC_WEAK = YES;
				CLANG_WARN_BLOCK_CAPTURE_AUTORELEASING = YES;
				CLANG_WARN_BOOL_CONVERSION = YES;
				CLANG_WARN_COMMA = YES;
				CLANG_WARN_CONSTANT_CONVERSION = YES;
				CLANG_WARN_DEPRECATED_OBJC_IMPLEMENTATIONS = YES;
				CLANG_WARN_DIRECT_OBJC_ISA_USAGE = YES_ERROR;
				CLANG_WARN_DOCUMENTATION_COMMENTS = YES;
				CLANG_WARN_EMPTY_BODY = YES;
				CLANG_WARN_ENUM_CONVERSION = YES;
				CLANG_WARN_INFINITE_RECURSION = YES;
				CLANG_WARN_INT_CONVERSION = YES;
				CLANG_WARN_NON_LITERAL_NULL_CONVERSION = YES;
				CLANG_WARN_OBJC_IMPLICIT_RETAIN_SELF = YES;
				CLANG_WARN_OBJC_LITERAL_CONVERSION = YES;
				CLANG_WARN_OBJC_ROOT_CLASS = YES_ERROR;
				CLANG_WARN_QUOTED_INCLUDE_IN_FRAMEWORK_HEADER = YES;
				CLANG_WARN_RANGE_LOOP_ANALYSIS = YES;
				CLANG_WARN_STRICT_PROTOTYPES = YES;
				CLANG_WARN_SUSPICIOUS_MOVE = YES;
				CLANG_WARN_UNGUARDED_AVAILABILITY = YES_AGGRESSIVE;
				CLANG_WARN_UNREACHABLE_CODE = YES;
				CLANG_WARN__DUPLICATE_METHOD_MATCH = YES;
				COPY_PHASE_STRIP = NO;
				DEBUG_INFORMATION_FORMAT = "dwarf-with-dsym";
				DEVELOPMENT_TEAM = 8AXNA5B37R;
				ENABLE_NS_ASSERTIONS = NO;
				ENABLE_STRICT_OBJC_MSGSEND = YES;
				ENABLE_USER_SCRIPT_SANDBOXING = YES;
				GCC_C_LANGUAGE_STANDARD = gnu17;
				GCC_NO_COMMON_BLOCKS = YES;
				GCC_WARN_64_TO_32_BIT_CONVERSION = YES;
				GCC_WARN_ABOUT_RETURN_TYPE = YES_ERROR;
				GCC_WARN_UNDECLARED_SELECTOR = YES;
				GCC_WARN_UNINITIALIZED_AUTOS = YES_AGGRESSIVE;
				GCC_WARN_UNUSED_FUNCTION = YES;
				GCC_WARN_UNUSED_VARIABLE = YES;
				IPHONEOS_DEPLOYMENT_TARGET = 18.0;
				LOCALIZATION_PREFERS_STRING_CATALOGS = YES;
				MTL_ENABLE_DEBUG_INFO = NO;
				MTL_FAST_MATH = YES;
				SDKROOT = iphoneos;
				SWIFT_COMPILATION_MODE = wholemodule;
				VALIDATE_PRODUCT = YES;
			};
			name = Release;
		};
		CC0ECFFB2FEC8ED60021BE3D /* Debug */ = {
			isa = XCBuildConfiguration;
			buildSettings = {
				ASSETCATALOG_COMPILER_APPICON_NAME = AppIcon;
				ASSETCATALOG_COMPILER_GLOBAL_ACCENT_COLOR_NAME = AccentColor;
				CODE_SIGN_ENTITLEMENTS = Routey/Routey.entitlements;
				CODE_SIGN_STYLE = Automatic;
				CURRENT_PROJECT_VERSION = 1;
				DEVELOPMENT_TEAM = 8AXNA5B37R;
				ENABLE_PREVIEWS = YES;
				GENERATE_INFOPLIST_FILE = NO;
				INFOPLIST_FILE = Routey/Info.plist;
				IPHONEOS_DEPLOYMENT_TARGET = 18.0;
				LD_RUNPATH_SEARCH_PATHS = (
					"$(inherited)",
					"@executable_path/Frameworks",
				);
				MARKETING_VERSION = 0.1;
				PRODUCT_BUNDLE_IDENTIFIER = com.danfakkeldy.routey;
				PRODUCT_NAME = "$(TARGET_NAME)";
				STRING_CATALOG_GENERATE_SYMBOLS = YES;
				SWIFT_APPROACHABLE_CONCURRENCY = YES;
				SWIFT_DEFAULT_ACTOR_ISOLATION = MainActor;
				SWIFT_EMIT_LOC_STRINGS = YES;
				SWIFT_UPCOMING_FEATURE_MEMBER_IMPORT_VISIBILITY = YES;
				SWIFT_VERSION = 6.0;
				TARGETED_DEVICE_FAMILY = "1,2";
			};
			name = Debug;
		};
		CC0ECFFC2FEC8ED60021BE3D /* Release */ = {
			isa = XCBuildConfiguration;
			buildSettings = {
				ASSETCATALOG_COMPILER_APPICON_NAME = AppIcon;
				ASSETCATALOG_COMPILER_GLOBAL_ACCENT_COLOR_NAME = AccentColor;
				CODE_SIGN_ENTITLEMENTS = Routey/Routey.entitlements;
				CODE_SIGN_STYLE = Automatic;
				CURRENT_PROJECT_VERSION = 1;
				DEVELOPMENT_TEAM = 8AXNA5B37R;
				ENABLE_PREVIEWS = YES;
				GENERATE_INFOPLIST_FILE = NO;
				INFOPLIST_FILE = Routey/Info.plist;
				IPHONEOS_DEPLOYMENT_TARGET = 18.0;
				LD_RUNPATH_SEARCH_PATHS = (
					"$(inherited)",
					"@executable_path/Frameworks",
				);
				MARKETING_VERSION = 0.1;
				PRODUCT_BUNDLE_IDENTIFIER = com.danfakkeldy.routey;
				PRODUCT_NAME = "$(TARGET_NAME)";
				STRING_CATALOG_GENERATE_SYMBOLS = YES;
				SWIFT_APPROACHABLE_CONCURRENCY = YES;
				SWIFT_DEFAULT_ACTOR_ISOLATION = MainActor;
				SWIFT_EMIT_LOC_STRINGS = YES;
				SWIFT_UPCOMING_FEATURE_MEMBER_IMPORT_VISIBILITY = YES;
				SWIFT_VERSION = 6.0;
				TARGETED_DEVICE_FAMILY = "1,2";
			};
			name = Release;
		};
		CC0ECFFE2FEC8ED60021BE3D /* Debug */ = {
			isa = XCBuildConfiguration;
			buildSettings = {
				BUNDLE_LOADER = "$(TEST_HOST)";
				CODE_SIGN_STYLE = Automatic;
				CURRENT_PROJECT_VERSION = 1;
				DEVELOPMENT_TEAM = 8AXNA5B37R;
				GENERATE_INFOPLIST_FILE = YES;
				IPHONEOS_DEPLOYMENT_TARGET = 18.0;
				MARKETING_VERSION = 1.0;
				PRODUCT_BUNDLE_IDENTIFIER = com.danfakkeldy.routeyTests;
				PRODUCT_NAME = "$(TARGET_NAME)";
				STRING_CATALOG_GENERATE_SYMBOLS = NO;
				SWIFT_APPROACHABLE_CONCURRENCY = YES;
				SWIFT_EMIT_LOC_STRINGS = NO;
				SWIFT_UPCOMING_FEATURE_MEMBER_IMPORT_VISIBILITY = YES;
				SWIFT_VERSION = 6.0;
				TARGETED_DEVICE_FAMILY = "1,2";
				TEST_HOST = "$(BUILT_PRODUCTS_DIR)/Routey.app/$(BUNDLE_EXECUTABLE_FOLDER_PATH)/Routey";
			};
			name = Debug;
		};
		CC0ECFFF2FEC8ED60021BE3D /* Release */ = {
			isa = XCBuildConfiguration;
			buildSettings = {
				BUNDLE_LOADER = "$(TEST_HOST)";
				CODE_SIGN_STYLE = Automatic;
				CURRENT_PROJECT_VERSION = 1;
				DEVELOPMENT_TEAM = 8AXNA5B37R;
				GENERATE_INFOPLIST_FILE = YES;
				IPHONEOS_DEPLOYMENT_TARGET = 18.0;
				MARKETING_VERSION = 1.0;
				PRODUCT_BUNDLE_IDENTIFIER = com.danfakkeldy.routeyTests;
				PRODUCT_NAME = "$(TARGET_NAME)";
				STRING_CATALOG_GENERATE_SYMBOLS = NO;
				SWIFT_APPROACHABLE_CONCURRENCY = YES;
				SWIFT_EMIT_LOC_STRINGS = NO;
				SWIFT_UPCOMING_FEATURE_MEMBER_IMPORT_VISIBILITY = YES;
				SWIFT_VERSION = 6.0;
				TARGETED_DEVICE_FAMILY = "1,2";
				TEST_HOST = "$(BUILT_PRODUCTS_DIR)/Routey.app/$(BUNDLE_EXECUTABLE_FOLDER_PATH)/Routey";
			};
			name = Release;
		};
/* End XCBuildConfiguration section */

/* Begin XCConfigurationList section */
		11FCBCA10835AF7C3FDA6741 /* Build configuration list for PBXNativeTarget "RouteyMacProof" */ = {
			isa = XCConfigurationList;
			buildConfigurations = (
				88FF32FCDE56EE6AF921767F /* Debug */,
				481665DB4CD4E35B72DF7339 /* Release */,
			);
			defaultConfigurationIsVisible = 0;
			defaultConfigurationName = Release;
		};
		CC0ECFD42FEC8ED30021BE3D /* Build configuration list for PBXProject "Routey" */ = {
			isa = XCConfigurationList;
			buildConfigurations = (
				CC0ECFF82FEC8ED60021BE3D /* Debug */,
				CC0ECFF92FEC8ED60021BE3D /* Release */,
			);
			defaultConfigurationIsVisible = 0;
			defaultConfigurationName = Release;
		};
		CC0ECFFA2FEC8ED60021BE3D /* Build configuration list for PBXNativeTarget "Routey" */ = {
			isa = XCConfigurationList;
			buildConfigurations = (
				CC0ECFFB2FEC8ED60021BE3D /* Debug */,
				CC0ECFFC2FEC8ED60021BE3D /* Release */,
			);
			defaultConfigurationIsVisible = 0;
			defaultConfigurationName = Release;
		};
		CC0ECFFD2FEC8ED60021BE3D /* Build configuration list for PBXNativeTarget "RouteyTests" */ = {
			isa = XCConfigurationList;
			buildConfigurations = (
				CC0ECFFE2FEC8ED60021BE3D /* Debug */,
				CC0ECFFF2FEC8ED60021BE3D /* Release */,
			);
			defaultConfigurationIsVisible = 0;
			defaultConfigurationName = Release;
		};
/* End XCConfigurationList section */

/* Begin XCLocalSwiftPackageReference section */
		CC0ED0032FEC8F8F0021BE3D /* XCLocalSwiftPackageReference "../../RouteyKit" */ = {
			isa = XCLocalSwiftPackageReference;
			relativePath = ../../RouteyKit;
		};
/* End XCLocalSwiftPackageReference section */

/* Begin XCSwiftPackageProductDependency section */
		CC0ED0042FEC8F8F0021BE3D /* RouteyModel */ = {
			isa = XCSwiftPackageProductDependency;
			productName = RouteyModel;
		};
		CC0ED0062FEC8F8F0021BE3D /* RouteyPersistence */ = {
			isa = XCSwiftPackageProductDependency;
			productName = RouteyPersistence;
		};
		CC0ED0082FEC9A010021BE3D /* RouteyImport */ = {
			isa = XCSwiftPackageProductDependency;
			productName = RouteyImport;
		};
		CC0ED00A2FEC9A010021BE3D /* RouteyDomain */ = {
			isa = XCSwiftPackageProductDependency;
			productName = RouteyDomain;
		};
		CC0ED00C2FEC9A010021BE3D /* RouteySearch */ = {
			isa = XCSwiftPackageProductDependency;
			productName = RouteySearch;
		};
		A1B2C3D4E5F6A7B8C9D0E1F2 /* RouteyOCR */ = {
			isa = XCSwiftPackageProductDependency;
			productName = RouteyOCR;
		};
/* End XCSwiftPackageProductDependency section */
	};
	rootObject = CC0ECFD12FEC8ED30021BE3D /* Project object */;
}
